{
  "name": "p3_01_githubrepo",
  "version": "1.0.0",
  "lockfileVersion": 1,
  "requires": true,
  "dependencies": {
    "@mdi/font": {
      "version": "4.9.95",
      "resolved": "https://registry.npmjs.org/@mdi/font/-/font-4.9.95.tgz",
      "integrity": "sha512-m2sbAs+SMwRnWpkMriBxEulwuhmqRyh6X+hdOZlqSxYZUM2C2TaDnQ4gcilzdoAgru2XYnWViZ/xPuSDGgRXVw=="
    }
  }
}
